
Microsoft Visual Studio Solution File, Format Version 12.00
# Visual Studio 15
VisualStudioVersion = 15.0.28010.0
MinimumVisualStudioVersion = 10.0.40219.1
Project("{FAE04EC0-301F-11D3-BF4B-00C04F79EFBC}") = "met", "met\met.csproj", "{416D9F70-F959-46E7-A9B2-B34247CA6D63}"
EndProject
Global
	GlobalSection(SolutionConfigurationPlatforms) = preSolution
		Debug|Any CPU = Debug|Any CPU
		Release|Any CPU = Release|Any CPU
	EndGlobalSection
	GlobalSection(ProjectConfigurationPlatforms) = postSolution
		{416D9F70-F959-46E7-A9B2-B34247CA6D63}.Debug|Any CPU.ActiveCfg = Debug|Any CPU
		{416D9F70-F959-46E7-A9B2-B34247CA6D63}.Debug|Any CPU.Build.0 = Debug|Any CPU
		{416D9F70-F959-46E7-A9B2-B34247CA6D63}.Release|Any CPU.ActiveCfg = Release|Any CPU
		{416D9F70-F959-46E7-A9B2-B34247CA6D63}.Release|Any CPU.Build.0 = Release|Any CPU
	EndGlobalSection
	GlobalSection(SolutionProperties) = preSolution
		HideSolutionNode = FALSE
	EndGlobalSection
	GlobalSection(ExtensibilityGlobals) = postSolution
		SolutionGuid = {339A8374-7DF1-49D8-BA68-B8DE0CE28D70}
	EndGlobalSection
EndGlobal
