
Microsoft Visual Studio Solution File, Format Version 12.00
# Visual Studio 15
VisualStudioVersion = 15.0.28010.0
MinimumVisualStudioVersion = 10.0.40219.1
Project("{9A19103F-16F7-4668-BE54-9A1E7A4F7556}") = "met", "met\met.csproj", "{416D9F70-F959-46E7-A9B2-B34247CA6D63}"
EndProject
Project("{2150E333-8FDC-42A3-9474-1A3956D46DE8}") = "Domain", "Domain", "{18C7EF1D-2BE8-4728-96A1-1D1066427998}"
EndProject
Project("{FAE04EC0-301F-11D3-BF4B-00C04F79EFBC}") = "met.Domain.Core", "met.Domain.Core\met.Domain.Core.csproj", "{D98DDF8B-ED42-451E-BA43-DAEBFDA89A68}"
EndProject
Project("{FAE04EC0-301F-11D3-BF4B-00C04F79EFBC}") = "met.Domain.Interfaces", "met.Domain.Interfaces\met.Domain.Interfaces.csproj", "{ED22DDFD-847C-484E-9D96-A50DFF27DED1}"
EndProject
Project("{2150E333-8FDC-42A3-9474-1A3956D46DE8}") = "Services", "Services", "{E4D75DAE-D7D4-4B8E-912B-7B3CA702B0A8}"
EndProject
Project("{FAE04EC0-301F-11D3-BF4B-00C04F79EFBC}") = "met.Services.Interfaces", "met.Services.Interfaces\met.Services.Interfaces.csproj", "{A38F5075-5FC3-4125-9966-CB7F673DB8DE}"
EndProject
Global
	GlobalSection(SolutionConfigurationPlatforms) = preSolution
		Debug|Any CPU = Debug|Any CPU
		Release|Any CPU = Release|Any CPU
	EndGlobalSection
	GlobalSection(ProjectConfigurationPlatforms) = postSolution
		{416D9F70-F959-46E7-A9B2-B34247CA6D63}.Debug|Any CPU.ActiveCfg = Debug|Any CPU
		{416D9F70-F959-46E7-A9B2-B34247CA6D63}.Debug|Any CPU.Build.0 = Debug|Any CPU
		{416D9F70-F959-46E7-A9B2-B34247CA6D63}.Release|Any CPU.ActiveCfg = Release|Any CPU
		{416D9F70-F959-46E7-A9B2-B34247CA6D63}.Release|Any CPU.Build.0 = Release|Any CPU
		{D98DDF8B-ED42-451E-BA43-DAEBFDA89A68}.Debug|Any CPU.ActiveCfg = Debug|Any CPU
		{D98DDF8B-ED42-451E-BA43-DAEBFDA89A68}.Debug|Any CPU.Build.0 = Debug|Any CPU
		{D98DDF8B-ED42-451E-BA43-DAEBFDA89A68}.Release|Any CPU.ActiveCfg = Release|Any CPU
		{D98DDF8B-ED42-451E-BA43-DAEBFDA89A68}.Release|Any CPU.Build.0 = Release|Any CPU
		{ED22DDFD-847C-484E-9D96-A50DFF27DED1}.Debug|Any CPU.ActiveCfg = Debug|Any CPU
		{ED22DDFD-847C-484E-9D96-A50DFF27DED1}.Debug|Any CPU.Build.0 = Debug|Any CPU
		{ED22DDFD-847C-484E-9D96-A50DFF27DED1}.Release|Any CPU.ActiveCfg = Release|Any CPU
		{ED22DDFD-847C-484E-9D96-A50DFF27DED1}.Release|Any CPU.Build.0 = Release|Any CPU
		{A38F5075-5FC3-4125-9966-CB7F673DB8DE}.Debug|Any CPU.ActiveCfg = Debug|Any CPU
		{A38F5075-5FC3-4125-9966-CB7F673DB8DE}.Debug|Any CPU.Build.0 = Debug|Any CPU
		{A38F5075-5FC3-4125-9966-CB7F673DB8DE}.Release|Any CPU.ActiveCfg = Release|Any CPU
		{A38F5075-5FC3-4125-9966-CB7F673DB8DE}.Release|Any CPU.Build.0 = Release|Any CPU
	EndGlobalSection
	GlobalSection(SolutionProperties) = preSolution
		HideSolutionNode = FALSE
	EndGlobalSection
	GlobalSection(NestedProjects) = preSolution
		{D98DDF8B-ED42-451E-BA43-DAEBFDA89A68} = {18C7EF1D-2BE8-4728-96A1-1D1066427998}
		{ED22DDFD-847C-484E-9D96-A50DFF27DED1} = {18C7EF1D-2BE8-4728-96A1-1D1066427998}
		{A38F5075-5FC3-4125-9966-CB7F673DB8DE} = {E4D75DAE-D7D4-4B8E-912B-7B3CA702B0A8}
	EndGlobalSection
	GlobalSection(ExtensibilityGlobals) = postSolution
		SolutionGuid = {339A8374-7DF1-49D8-BA68-B8DE0CE28D70}
	EndGlobalSection
EndGlobal
